
Microsoft Visual Studio Solution File, Format Version 12.00
# Visual Studio Version 17
VisualStudioVersion = 17.0.31903.59
MinimumVisualStudioVersion = 10.0.40219.1
Project("{2150E333-8FDC-42A3-9474-1A3956D46DE8}") = "src", "src", "{A1B2C3D4-E5F6-7890-ABCD-EF1234567890}"
EndProject
Project("{2150E333-8FDC-42A3-9474-1A3956D46DE8}") = "tests", "tests", "{E987FDFC-E702-4490-8C24-E99D71483CFE}"
EndProject
Project("{2150E333-8FDC-42A3-9474-1A3956D46DE8}") = "samples", "samples", "{B0A32049-C05B-42E9-9374-8557F07D708D}"
EndProject
Project("{2150E333-8FDC-42A3-9474-1A3956D46DE8}") = "Solution Items", "Solution Items", "{11111111-1111-1111-1111-111111111111}"
	ProjectSection(SolutionItems) = preProject
		.editorconfig = .editorconfig
		.gitignore = .gitignore
		CHANGELOG.md = CHANGELOG.md
		CONTRIBUTING.md = CONTRIBUTING.md
		Directory.Build.props = Directory.Build.props
		global.json = global.json
		LICENSE = LICENSE
		README.md = README.md
	EndProjectSection
EndProject
Project("{2150E333-8FDC-42A3-9474-1A3956D46DE8}") = "docs", "docs", "{22222222-2222-2222-2222-222222222222}"
	ProjectSection(SolutionItems) = preProject
		docs\architecture.md = docs\architecture.md
	EndProjectSection
EndProject
Project("{FAE04EC0-301F-11D3-BF4B-00C04F79EFBC}") = "BulkSharp.Processing", "src\BulkSharp.Processing\BulkSharp.Processing.csproj", "{F3F4E0C4-91FE-471C-9F98-91D3F92D07F0}"
EndProject
Project("{FAE04EC0-301F-11D3-BF4B-00C04F79EFBC}") = "BulkSharp.Dashboard", "src\BulkSharp.Dashboard\BulkSharp.Dashboard.csproj", "{F8321222-5593-4CCA-8780-AD11AAAF896C}"
EndProject
Project("{FAE04EC0-301F-11D3-BF4B-00C04F79EFBC}") = "BulkSharp.Sample.Dashboard", "samples\BulkSharp.Sample.Dashboard\BulkSharp.Sample.Dashboard.csproj", "{3C4D5E6F-7890-1234-CDEF-456789012345}"
EndProject
Project("{FAE04EC0-301F-11D3-BF4B-00C04F79EFBC}") = "BulkSharp.UnitTests", "tests\BulkSharp.UnitTests\BulkSharp.UnitTests.csproj", "{887A0169-36FE-4686-AA93-80B463E00B86}"
EndProject
Project("{FAE04EC0-301F-11D3-BF4B-00C04F79EFBC}") = "BulkSharp.IntegrationTests", "tests\BulkSharp.IntegrationTests\BulkSharp.IntegrationTests.csproj", "{7574DD98-9C48-4C28-BDD7-F9B7F37A0DC0}"
EndProject
Project("{FAE04EC0-301F-11D3-BF4B-00C04F79EFBC}") = "BulkSharp.Dashboard.Tests", "tests\BulkSharp.Dashboard.Tests\BulkSharp.Dashboard.Tests.csproj", "{66098EE1-08E0-4308-8EA9-A9B1B6735038}"
EndProject
Project("{FAE04EC0-301F-11D3-BF4B-00C04F79EFBC}") = "BulkSharp.Core", "src\BulkSharp.Core\BulkSharp.Core.csproj", "{910B766E-C5C7-48F8-8387-2450A8343A05}"
EndProject
Project("{FAE04EC0-301F-11D3-BF4B-00C04F79EFBC}") = "BulkSharp.Data.EntityFramework", "src\BulkSharp.Data.EntityFramework\BulkSharp.Data.EntityFramework.csproj", "{D4E5F6A7-B8C9-4D2E-9F3A-1B2C3D4E5F67}"
EndProject
Project("{FAE04EC0-301F-11D3-BF4B-00C04F79EFBC}") = "BulkSharp", "src\BulkSharp\BulkSharp.csproj", "{C00517E4-8CA6-4B25-9B1C-49C16F75269E}"
EndProject
Project("{FAE04EC0-301F-11D3-BF4B-00C04F79EFBC}") = "BulkSharp.Files.S3", "src\BulkSharp.Files.S3\BulkSharp.Files.S3.csproj", "{79395AA6-2F97-4476-8697-62D827CF3F2D}"
EndProject
Project("{FAE04EC0-301F-11D3-BF4B-00C04F79EFBC}") = "BulkSharp.Sample.Production", "samples\BulkSharp.Sample.Production\BulkSharp.Sample.Production.csproj", "{2EA5A3EC-2D34-4F7C-8047-A71A640FC4A4}"
EndProject
Project("{FAE04EC0-301F-11D3-BF4B-00C04F79EFBC}") = "BulkSharp.Sample.Production.AppHost", "samples\BulkSharp.Sample.Production.AppHost\BulkSharp.Sample.Production.AppHost.csproj", "{FA8200B5-835B-46FC-9917-C27499719EB1}"
EndProject
Project("{FAE04EC0-301F-11D3-BF4B-00C04F79EFBC}") = "BulkSharp.ArchitectureTests", "tests\BulkSharp.ArchitectureTests\BulkSharp.ArchitectureTests.csproj", "{C052A792-DB7E-4232-8CC9-C5E3ABBA56CF}"
EndProject
Project("{FAE04EC0-301F-11D3-BF4B-00C04F79EFBC}") = "BulkSharp.Gateway", "src\BulkSharp.Gateway\BulkSharp.Gateway.csproj", "{2B1BD5C7-FD8F-4CCB-8662-E7966A971F17}"
EndProject
Project("{FAE04EC0-301F-11D3-BF4B-00C04F79EFBC}") = "BulkSharp.Gateway.Tests", "tests\BulkSharp.Gateway.Tests\BulkSharp.Gateway.Tests.csproj", "{94DF9042-9653-4EDA-953A-78FDEB06DA7D}"
EndProject
Project("{FAE04EC0-301F-11D3-BF4B-00C04F79EFBC}") = "BulkSharp.Sample.Gateway", "samples\BulkSharp.Sample.Gateway\BulkSharp.Sample.Gateway.csproj", "{17D1464E-953D-4300-9302-52ADB01C04B4}"
EndProject
Project("{FAE04EC0-301F-11D3-BF4B-00C04F79EFBC}") = "BulkSharp.Gateway.IntegrationTests", "tests\BulkSharp.Gateway.IntegrationTests\BulkSharp.Gateway.IntegrationTests.csproj", "{7C530D84-8A8F-44C1-96DD-7471B0220207}"
EndProject
Global
	GlobalSection(SolutionConfigurationPlatforms) = preSolution
		Debug|Any CPU = Debug|Any CPU
		Debug|x64 = Debug|x64
		Debug|x86 = Debug|x86
		Release|Any CPU = Release|Any CPU
		Release|x64 = Release|x64
		Release|x86 = Release|x86
	EndGlobalSection
	GlobalSection(ProjectConfigurationPlatforms) = postSolution
		{F3F4E0C4-91FE-471C-9F98-91D3F92D07F0}.Debug|Any CPU.ActiveCfg = Debug|Any CPU
		{F3F4E0C4-91FE-471C-9F98-91D3F92D07F0}.Debug|Any CPU.Build.0 = Debug|Any CPU
		{F3F4E0C4-91FE-471C-9F98-91D3F92D07F0}.Debug|x64.ActiveCfg = Debug|Any CPU
		{F3F4E0C4-91FE-471C-9F98-91D3F92D07F0}.Debug|x64.Build.0 = Debug|Any CPU
		{F3F4E0C4-91FE-471C-9F98-91D3F92D07F0}.Debug|x86.ActiveCfg = Debug|Any CPU
		{F3F4E0C4-91FE-471C-9F98-91D3F92D07F0}.Debug|x86.Build.0 = Debug|Any CPU
		{F3F4E0C4-91FE-471C-9F98-91D3F92D07F0}.Release|Any CPU.ActiveCfg = Release|Any CPU
		{F3F4E0C4-91FE-471C-9F98-91D3F92D07F0}.Release|Any CPU.Build.0 = Release|Any CPU
		{F3F4E0C4-91FE-471C-9F98-91D3F92D07F0}.Release|x64.ActiveCfg = Release|Any CPU
		{F3F4E0C4-91FE-471C-9F98-91D3F92D07F0}.Release|x64.Build.0 = Release|Any CPU
		{F3F4E0C4-91FE-471C-9F98-91D3F92D07F0}.Release|x86.ActiveCfg = Release|Any CPU
		{F3F4E0C4-91FE-471C-9F98-91D3F92D07F0}.Release|x86.Build.0 = Release|Any CPU
		{F8321222-5593-4CCA-8780-AD11AAAF896C}.Debug|Any CPU.ActiveCfg = Debug|Any CPU
		{F8321222-5593-4CCA-8780-AD11AAAF896C}.Debug|Any CPU.Build.0 = Debug|Any CPU
		{F8321222-5593-4CCA-8780-AD11AAAF896C}.Debug|x64.ActiveCfg = Debug|Any CPU
		{F8321222-5593-4CCA-8780-AD11AAAF896C}.Debug|x64.Build.0 = Debug|Any CPU
		{F8321222-5593-4CCA-8780-AD11AAAF896C}.Debug|x86.ActiveCfg = Debug|Any CPU
		{F8321222-5593-4CCA-8780-AD11AAAF896C}.Debug|x86.Build.0 = Debug|Any CPU
		{F8321222-5593-4CCA-8780-AD11AAAF896C}.Release|Any CPU.ActiveCfg = Release|Any CPU
		{F8321222-5593-4CCA-8780-AD11AAAF896C}.Release|Any CPU.Build.0 = Release|Any CPU
		{F8321222-5593-4CCA-8780-AD11AAAF896C}.Release|x64.ActiveCfg = Release|Any CPU
		{F8321222-5593-4CCA-8780-AD11AAAF896C}.Release|x64.Build.0 = Release|Any CPU
		{F8321222-5593-4CCA-8780-AD11AAAF896C}.Release|x86.ActiveCfg = Release|Any CPU
		{F8321222-5593-4CCA-8780-AD11AAAF896C}.Release|x86.Build.0 = Release|Any CPU
		{3C4D5E6F-7890-1234-CDEF-456789012345}.Debug|Any CPU.ActiveCfg = Debug|Any CPU
		{3C4D5E6F-7890-1234-CDEF-456789012345}.Debug|Any CPU.Build.0 = Debug|Any CPU
		{3C4D5E6F-7890-1234-CDEF-456789012345}.Debug|x64.ActiveCfg = Debug|Any CPU
		{3C4D5E6F-7890-1234-CDEF-456789012345}.Debug|x64.Build.0 = Debug|Any CPU
		{3C4D5E6F-7890-1234-CDEF-456789012345}.Debug|x86.ActiveCfg = Debug|Any CPU
		{3C4D5E6F-7890-1234-CDEF-456789012345}.Debug|x86.Build.0 = Debug|Any CPU
		{3C4D5E6F-7890-1234-CDEF-456789012345}.Release|Any CPU.ActiveCfg = Release|Any CPU
		{3C4D5E6F-7890-1234-CDEF-456789012345}.Release|Any CPU.Build.0 = Release|Any CPU
		{3C4D5E6F-7890-1234-CDEF-456789012345}.Release|x64.ActiveCfg = Release|Any CPU
		{3C4D5E6F-7890-1234-CDEF-456789012345}.Release|x64.Build.0 = Release|Any CPU
		{3C4D5E6F-7890-1234-CDEF-456789012345}.Release|x86.ActiveCfg = Release|Any CPU
		{3C4D5E6F-7890-1234-CDEF-456789012345}.Release|x86.Build.0 = Release|Any CPU
		{887A0169-36FE-4686-AA93-80B463E00B86}.Debug|Any CPU.ActiveCfg = Debug|Any CPU
		{887A0169-36FE-4686-AA93-80B463E00B86}.Debug|Any CPU.Build.0 = Debug|Any CPU
		{887A0169-36FE-4686-AA93-80B463E00B86}.Debug|x64.ActiveCfg = Debug|Any CPU
		{887A0169-36FE-4686-AA93-80B463E00B86}.Debug|x64.Build.0 = Debug|Any CPU
		{887A0169-36FE-4686-AA93-80B463E00B86}.Debug|x86.ActiveCfg = Debug|Any CPU
		{887A0169-36FE-4686-AA93-80B463E00B86}.Debug|x86.Build.0 = Debug|Any CPU
		{887A0169-36FE-4686-AA93-80B463E00B86}.Release|Any CPU.ActiveCfg = Release|Any CPU
		{887A0169-36FE-4686-AA93-80B463E00B86}.Release|Any CPU.Build.0 = Release|Any CPU
		{887A0169-36FE-4686-AA93-80B463E00B86}.Release|x64.ActiveCfg = Release|Any CPU
		{887A0169-36FE-4686-AA93-80B463E00B86}.Release|x64.Build.0 = Release|Any CPU
		{887A0169-36FE-4686-AA93-80B463E00B86}.Release|x86.ActiveCfg = Release|Any CPU
		{887A0169-36FE-4686-AA93-80B463E00B86}.Release|x86.Build.0 = Release|Any CPU
		{7574DD98-9C48-4C28-BDD7-F9B7F37A0DC0}.Debug|Any CPU.ActiveCfg = Debug|Any CPU
		{7574DD98-9C48-4C28-BDD7-F9B7F37A0DC0}.Debug|Any CPU.Build.0 = Debug|Any CPU
		{7574DD98-9C48-4C28-BDD7-F9B7F37A0DC0}.Debug|x64.ActiveCfg = Debug|Any CPU
		{7574DD98-9C48-4C28-BDD7-F9B7F37A0DC0}.Debug|x64.Build.0 = Debug|Any CPU
		{7574DD98-9C48-4C28-BDD7-F9B7F37A0DC0}.Debug|x86.ActiveCfg = Debug|Any CPU
		{7574DD98-9C48-4C28-BDD7-F9B7F37A0DC0}.Debug|x86.Build.0 = Debug|Any CPU
		{7574DD98-9C48-4C28-BDD7-F9B7F37A0DC0}.Release|Any CPU.ActiveCfg = Release|Any CPU
		{7574DD98-9C48-4C28-BDD7-F9B7F37A0DC0}.Release|Any CPU.Build.0 = Release|Any CPU
		{7574DD98-9C48-4C28-BDD7-F9B7F37A0DC0}.Release|x64.ActiveCfg = Release|Any CPU
		{7574DD98-9C48-4C28-BDD7-F9B7F37A0DC0}.Release|x64.Build.0 = Release|Any CPU
		{7574DD98-9C48-4C28-BDD7-F9B7F37A0DC0}.Release|x86.ActiveCfg = Release|Any CPU
		{7574DD98-9C48-4C28-BDD7-F9B7F37A0DC0}.Release|x86.Build.0 = Release|Any CPU
		{66098EE1-08E0-4308-8EA9-A9B1B6735038}.Debug|Any CPU.ActiveCfg = Debug|Any CPU
		{66098EE1-08E0-4308-8EA9-A9B1B6735038}.Debug|Any CPU.Build.0 = Debug|Any CPU
		{66098EE1-08E0-4308-8EA9-A9B1B6735038}.Debug|x64.ActiveCfg = Debug|Any CPU
		{66098EE1-08E0-4308-8EA9-A9B1B6735038}.Debug|x64.Build.0 = Debug|Any CPU
		{66098EE1-08E0-4308-8EA9-A9B1B6735038}.Debug|x86.ActiveCfg = Debug|Any CPU
		{66098EE1-08E0-4308-8EA9-A9B1B6735038}.Debug|x86.Build.0 = Debug|Any CPU
		{66098EE1-08E0-4308-8EA9-A9B1B6735038}.Release|Any CPU.ActiveCfg = Release|Any CPU
		{66098EE1-08E0-4308-8EA9-A9B1B6735038}.Release|Any CPU.Build.0 = Release|Any CPU
		{66098EE1-08E0-4308-8EA9-A9B1B6735038}.Release|x64.ActiveCfg = Release|Any CPU
		{66098EE1-08E0-4308-8EA9-A9B1B6735038}.Release|x64.Build.0 = Release|Any CPU
		{66098EE1-08E0-4308-8EA9-A9B1B6735038}.Release|x86.ActiveCfg = Release|Any CPU
		{66098EE1-08E0-4308-8EA9-A9B1B6735038}.Release|x86.Build.0 = Release|Any CPU
		{910B766E-C5C7-48F8-8387-2450A8343A05}.Debug|Any CPU.ActiveCfg = Debug|Any CPU
		{910B766E-C5C7-48F8-8387-2450A8343A05}.Debug|Any CPU.Build.0 = Debug|Any CPU
		{910B766E-C5C7-48F8-8387-2450A8343A05}.Debug|x64.ActiveCfg = Debug|Any CPU
		{910B766E-C5C7-48F8-8387-2450A8343A05}.Debug|x64.Build.0 = Debug|Any CPU
		{910B766E-C5C7-48F8-8387-2450A8343A05}.Debug|x86.ActiveCfg = Debug|Any CPU
		{910B766E-C5C7-48F8-8387-2450A8343A05}.Debug|x86.Build.0 = Debug|Any CPU
		{910B766E-C5C7-48F8-8387-2450A8343A05}.Release|Any CPU.ActiveCfg = Release|Any CPU
		{910B766E-C5C7-48F8-8387-2450A8343A05}.Release|Any CPU.Build.0 = Release|Any CPU
		{910B766E-C5C7-48F8-8387-2450A8343A05}.Release|x64.ActiveCfg = Release|Any CPU
		{910B766E-C5C7-48F8-8387-2450A8343A05}.Release|x64.Build.0 = Release|Any CPU
		{910B766E-C5C7-48F8-8387-2450A8343A05}.Release|x86.ActiveCfg = Release|Any CPU
		{910B766E-C5C7-48F8-8387-2450A8343A05}.Release|x86.Build.0 = Release|Any CPU
		{D4E5F6A7-B8C9-4D2E-9F3A-1B2C3D4E5F67}.Debug|Any CPU.ActiveCfg = Debug|Any CPU
		{D4E5F6A7-B8C9-4D2E-9F3A-1B2C3D4E5F67}.Debug|Any CPU.Build.0 = Debug|Any CPU
		{D4E5F6A7-B8C9-4D2E-9F3A-1B2C3D4E5F67}.Debug|x64.ActiveCfg = Debug|Any CPU
		{D4E5F6A7-B8C9-4D2E-9F3A-1B2C3D4E5F67}.Debug|x64.Build.0 = Debug|Any CPU
		{D4E5F6A7-B8C9-4D2E-9F3A-1B2C3D4E5F67}.Debug|x86.ActiveCfg = Debug|Any CPU
		{D4E5F6A7-B8C9-4D2E-9F3A-1B2C3D4E5F67}.Debug|x86.Build.0 = Debug|Any CPU
		{D4E5F6A7-B8C9-4D2E-9F3A-1B2C3D4E5F67}.Release|Any CPU.ActiveCfg = Release|Any CPU
		{D4E5F6A7-B8C9-4D2E-9F3A-1B2C3D4E5F67}.Release|Any CPU.Build.0 = Release|Any CPU
		{D4E5F6A7-B8C9-4D2E-9F3A-1B2C3D4E5F67}.Release|x64.ActiveCfg = Release|Any CPU
		{D4E5F6A7-B8C9-4D2E-9F3A-1B2C3D4E5F67}.Release|x64.Build.0 = Release|Any CPU
		{D4E5F6A7-B8C9-4D2E-9F3A-1B2C3D4E5F67}.Release|x86.ActiveCfg = Release|Any CPU
		{D4E5F6A7-B8C9-4D2E-9F3A-1B2C3D4E5F67}.Release|x86.Build.0 = Release|Any CPU
		{C00517E4-8CA6-4B25-9B1C-49C16F75269E}.Debug|Any CPU.ActiveCfg = Debug|Any CPU
		{C00517E4-8CA6-4B25-9B1C-49C16F75269E}.Debug|Any CPU.Build.0 = Debug|Any CPU
		{C00517E4-8CA6-4B25-9B1C-49C16F75269E}.Debug|x64.ActiveCfg = Debug|Any CPU
		{C00517E4-8CA6-4B25-9B1C-49C16F75269E}.Debug|x64.Build.0 = Debug|Any CPU
		{C00517E4-8CA6-4B25-9B1C-49C16F75269E}.Debug|x86.ActiveCfg = Debug|Any CPU
		{C00517E4-8CA6-4B25-9B1C-49C16F75269E}.Debug|x86.Build.0 = Debug|Any CPU
		{C00517E4-8CA6-4B25-9B1C-49C16F75269E}.Release|Any CPU.ActiveCfg = Release|Any CPU
		{C00517E4-8CA6-4B25-9B1C-49C16F75269E}.Release|Any CPU.Build.0 = Release|Any CPU
		{C00517E4-8CA6-4B25-9B1C-49C16F75269E}.Release|x64.ActiveCfg = Release|Any CPU
		{C00517E4-8CA6-4B25-9B1C-49C16F75269E}.Release|x64.Build.0 = Release|Any CPU
		{C00517E4-8CA6-4B25-9B1C-49C16F75269E}.Release|x86.ActiveCfg = Release|Any CPU
		{C00517E4-8CA6-4B25-9B1C-49C16F75269E}.Release|x86.Build.0 = Release|Any CPU
		{79395AA6-2F97-4476-8697-62D827CF3F2D}.Debug|Any CPU.ActiveCfg = Debug|Any CPU
		{79395AA6-2F97-4476-8697-62D827CF3F2D}.Debug|Any CPU.Build.0 = Debug|Any CPU
		{79395AA6-2F97-4476-8697-62D827CF3F2D}.Debug|x64.ActiveCfg = Debug|Any CPU
		{79395AA6-2F97-4476-8697-62D827CF3F2D}.Debug|x64.Build.0 = Debug|Any CPU
		{79395AA6-2F97-4476-8697-62D827CF3F2D}.Debug|x86.ActiveCfg = Debug|Any CPU
		{79395AA6-2F97-4476-8697-62D827CF3F2D}.Debug|x86.Build.0 = Debug|Any CPU
		{79395AA6-2F97-4476-8697-62D827CF3F2D}.Release|Any CPU.ActiveCfg = Release|Any CPU
		{79395AA6-2F97-4476-8697-62D827CF3F2D}.Release|Any CPU.Build.0 = Release|Any CPU
		{79395AA6-2F97-4476-8697-62D827CF3F2D}.Release|x64.ActiveCfg = Release|Any CPU
		{79395AA6-2F97-4476-8697-62D827CF3F2D}.Release|x64.Build.0 = Release|Any CPU
		{79395AA6-2F97-4476-8697-62D827CF3F2D}.Release|x86.ActiveCfg = Release|Any CPU
		{79395AA6-2F97-4476-8697-62D827CF3F2D}.Release|x86.Build.0 = Release|Any CPU
		{2EA5A3EC-2D34-4F7C-8047-A71A640FC4A4}.Debug|Any CPU.ActiveCfg = Debug|Any CPU
		{2EA5A3EC-2D34-4F7C-8047-A71A640FC4A4}.Debug|Any CPU.Build.0 = Debug|Any CPU
		{2EA5A3EC-2D34-4F7C-8047-A71A640FC4A4}.Debug|x64.ActiveCfg = Debug|Any CPU
		{2EA5A3EC-2D34-4F7C-8047-A71A640FC4A4}.Debug|x64.Build.0 = Debug|Any CPU
		{2EA5A3EC-2D34-4F7C-8047-A71A640FC4A4}.Debug|x86.ActiveCfg = Debug|Any CPU
		{2EA5A3EC-2D34-4F7C-8047-A71A640FC4A4}.Debug|x86.Build.0 = Debug|Any CPU
		{2EA5A3EC-2D34-4F7C-8047-A71A640FC4A4}.Release|Any CPU.ActiveCfg = Release|Any CPU
		{2EA5A3EC-2D34-4F7C-8047-A71A640FC4A4}.Release|Any CPU.Build.0 = Release|Any CPU
		{2EA5A3EC-2D34-4F7C-8047-A71A640FC4A4}.Release|x64.ActiveCfg = Release|Any CPU
		{2EA5A3EC-2D34-4F7C-8047-A71A640FC4A4}.Release|x64.Build.0 = Release|Any CPU
		{2EA5A3EC-2D34-4F7C-8047-A71A640FC4A4}.Release|x86.ActiveCfg = Release|Any CPU
		{2EA5A3EC-2D34-4F7C-8047-A71A640FC4A4}.Release|x86.Build.0 = Release|Any CPU
		{FA8200B5-835B-46FC-9917-C27499719EB1}.Debug|Any CPU.ActiveCfg = Debug|Any CPU
		{FA8200B5-835B-46FC-9917-C27499719EB1}.Debug|Any CPU.Build.0 = Debug|Any CPU
		{FA8200B5-835B-46FC-9917-C27499719EB1}.Debug|x64.ActiveCfg = Debug|Any CPU
		{FA8200B5-835B-46FC-9917-C27499719EB1}.Debug|x64.Build.0 = Debug|Any CPU
		{FA8200B5-835B-46FC-9917-C27499719EB1}.Debug|x86.ActiveCfg = Debug|Any CPU
		{FA8200B5-835B-46FC-9917-C27499719EB1}.Debug|x86.Build.0 = Debug|Any CPU
		{FA8200B5-835B-46FC-9917-C27499719EB1}.Release|Any CPU.ActiveCfg = Release|Any CPU
		{FA8200B5-835B-46FC-9917-C27499719EB1}.Release|Any CPU.Build.0 = Release|Any CPU
		{FA8200B5-835B-46FC-9917-C27499719EB1}.Release|x64.ActiveCfg = Release|Any CPU
		{FA8200B5-835B-46FC-9917-C27499719EB1}.Release|x64.Build.0 = Release|Any CPU
		{FA8200B5-835B-46FC-9917-C27499719EB1}.Release|x86.ActiveCfg = Release|Any CPU
		{FA8200B5-835B-46FC-9917-C27499719EB1}.Release|x86.Build.0 = Release|Any CPU
		{C052A792-DB7E-4232-8CC9-C5E3ABBA56CF}.Debug|Any CPU.ActiveCfg = Debug|Any CPU
		{C052A792-DB7E-4232-8CC9-C5E3ABBA56CF}.Debug|Any CPU.Build.0 = Debug|Any CPU
		{C052A792-DB7E-4232-8CC9-C5E3ABBA56CF}.Debug|x64.ActiveCfg = Debug|Any CPU
		{C052A792-DB7E-4232-8CC9-C5E3ABBA56CF}.Debug|x64.Build.0 = Debug|Any CPU
		{C052A792-DB7E-4232-8CC9-C5E3ABBA56CF}.Debug|x86.ActiveCfg = Debug|Any CPU
		{C052A792-DB7E-4232-8CC9-C5E3ABBA56CF}.Debug|x86.Build.0 = Debug|Any CPU
		{C052A792-DB7E-4232-8CC9-C5E3ABBA56CF}.Release|Any CPU.ActiveCfg = Release|Any CPU
		{C052A792-DB7E-4232-8CC9-C5E3ABBA56CF}.Release|Any CPU.Build.0 = Release|Any CPU
		{C052A792-DB7E-4232-8CC9-C5E3ABBA56CF}.Release|x64.ActiveCfg = Release|Any CPU
		{C052A792-DB7E-4232-8CC9-C5E3ABBA56CF}.Release|x64.Build.0 = Release|Any CPU
		{C052A792-DB7E-4232-8CC9-C5E3ABBA56CF}.Release|x86.ActiveCfg = Release|Any CPU
		{C052A792-DB7E-4232-8CC9-C5E3ABBA56CF}.Release|x86.Build.0 = Release|Any CPU
		{2B1BD5C7-FD8F-4CCB-8662-E7966A971F17}.Debug|Any CPU.ActiveCfg = Debug|Any CPU
		{2B1BD5C7-FD8F-4CCB-8662-E7966A971F17}.Debug|Any CPU.Build.0 = Debug|Any CPU
		{2B1BD5C7-FD8F-4CCB-8662-E7966A971F17}.Debug|x64.ActiveCfg = Debug|Any CPU
		{2B1BD5C7-FD8F-4CCB-8662-E7966A971F17}.Debug|x64.Build.0 = Debug|Any CPU
		{2B1BD5C7-FD8F-4CCB-8662-E7966A971F17}.Debug|x86.ActiveCfg = Debug|Any CPU
		{2B1BD5C7-FD8F-4CCB-8662-E7966A971F17}.Debug|x86.Build.0 = Debug|Any CPU
		{2B1BD5C7-FD8F-4CCB-8662-E7966A971F17}.Release|Any CPU.ActiveCfg = Release|Any CPU
		{2B1BD5C7-FD8F-4CCB-8662-E7966A971F17}.Release|Any CPU.Build.0 = Release|Any CPU
		{2B1BD5C7-FD8F-4CCB-8662-E7966A971F17}.Release|x64.ActiveCfg = Release|Any CPU
		{2B1BD5C7-FD8F-4CCB-8662-E7966A971F17}.Release|x64.Build.0 = Release|Any CPU
		{2B1BD5C7-FD8F-4CCB-8662-E7966A971F17}.Release|x86.ActiveCfg = Release|Any CPU
		{2B1BD5C7-FD8F-4CCB-8662-E7966A971F17}.Release|x86.Build.0 = Release|Any CPU
		{94DF9042-9653-4EDA-953A-78FDEB06DA7D}.Debug|Any CPU.ActiveCfg = Debug|Any CPU
		{94DF9042-9653-4EDA-953A-78FDEB06DA7D}.Debug|Any CPU.Build.0 = Debug|Any CPU
		{94DF9042-9653-4EDA-953A-78FDEB06DA7D}.Debug|x64.ActiveCfg = Debug|Any CPU
		{94DF9042-9653-4EDA-953A-78FDEB06DA7D}.Debug|x64.Build.0 = Debug|Any CPU
		{94DF9042-9653-4EDA-953A-78FDEB06DA7D}.Debug|x86.ActiveCfg = Debug|Any CPU
		{94DF9042-9653-4EDA-953A-78FDEB06DA7D}.Debug|x86.Build.0 = Debug|Any CPU
		{94DF9042-9653-4EDA-953A-78FDEB06DA7D}.Release|Any CPU.ActiveCfg = Release|Any CPU
		{94DF9042-9653-4EDA-953A-78FDEB06DA7D}.Release|Any CPU.Build.0 = Release|Any CPU
		{94DF9042-9653-4EDA-953A-78FDEB06DA7D}.Release|x64.ActiveCfg = Release|Any CPU
		{94DF9042-9653-4EDA-953A-78FDEB06DA7D}.Release|x64.Build.0 = Release|Any CPU
		{94DF9042-9653-4EDA-953A-78FDEB06DA7D}.Release|x86.ActiveCfg = Release|Any CPU
		{94DF9042-9653-4EDA-953A-78FDEB06DA7D}.Release|x86.Build.0 = Release|Any CPU
		{17D1464E-953D-4300-9302-52ADB01C04B4}.Debug|Any CPU.ActiveCfg = Debug|Any CPU
		{17D1464E-953D-4300-9302-52ADB01C04B4}.Debug|Any CPU.Build.0 = Debug|Any CPU
		{17D1464E-953D-4300-9302-52ADB01C04B4}.Debug|x64.ActiveCfg = Debug|Any CPU
		{17D1464E-953D-4300-9302-52ADB01C04B4}.Debug|x64.Build.0 = Debug|Any CPU
		{17D1464E-953D-4300-9302-52ADB01C04B4}.Debug|x86.ActiveCfg = Debug|Any CPU
		{17D1464E-953D-4300-9302-52ADB01C04B4}.Debug|x86.Build.0 = Debug|Any CPU
		{17D1464E-953D-4300-9302-52ADB01C04B4}.Release|Any CPU.ActiveCfg = Release|Any CPU
		{17D1464E-953D-4300-9302-52ADB01C04B4}.Release|Any CPU.Build.0 = Release|Any CPU
		{17D1464E-953D-4300-9302-52ADB01C04B4}.Release|x64.ActiveCfg = Release|Any CPU
		{17D1464E-953D-4300-9302-52ADB01C04B4}.Release|x64.Build.0 = Release|Any CPU
		{17D1464E-953D-4300-9302-52ADB01C04B4}.Release|x86.ActiveCfg = Release|Any CPU
		{17D1464E-953D-4300-9302-52ADB01C04B4}.Release|x86.Build.0 = Release|Any CPU
		{7C530D84-8A8F-44C1-96DD-7471B0220207}.Debug|Any CPU.ActiveCfg = Debug|Any CPU
		{7C530D84-8A8F-44C1-96DD-7471B0220207}.Debug|Any CPU.Build.0 = Debug|Any CPU
		{7C530D84-8A8F-44C1-96DD-7471B0220207}.Debug|x64.ActiveCfg = Debug|Any CPU
		{7C530D84-8A8F-44C1-96DD-7471B0220207}.Debug|x64.Build.0 = Debug|Any CPU
		{7C530D84-8A8F-44C1-96DD-7471B0220207}.Debug|x86.ActiveCfg = Debug|Any CPU
		{7C530D84-8A8F-44C1-96DD-7471B0220207}.Debug|x86.Build.0 = Debug|Any CPU
		{7C530D84-8A8F-44C1-96DD-7471B0220207}.Release|Any CPU.ActiveCfg = Release|Any CPU
		{7C530D84-8A8F-44C1-96DD-7471B0220207}.Release|Any CPU.Build.0 = Release|Any CPU
		{7C530D84-8A8F-44C1-96DD-7471B0220207}.Release|x64.ActiveCfg = Release|Any CPU
		{7C530D84-8A8F-44C1-96DD-7471B0220207}.Release|x64.Build.0 = Release|Any CPU
		{7C530D84-8A8F-44C1-96DD-7471B0220207}.Release|x86.ActiveCfg = Release|Any CPU
		{7C530D84-8A8F-44C1-96DD-7471B0220207}.Release|x86.Build.0 = Release|Any CPU
	EndGlobalSection
	GlobalSection(SolutionProperties) = preSolution
		HideSolutionNode = FALSE
	EndGlobalSection
	GlobalSection(NestedProjects) = preSolution
		{F3F4E0C4-91FE-471C-9F98-91D3F92D07F0} = {A1B2C3D4-E5F6-7890-ABCD-EF1234567890}
		{F8321222-5593-4CCA-8780-AD11AAAF896C} = {A1B2C3D4-E5F6-7890-ABCD-EF1234567890}
		{3C4D5E6F-7890-1234-CDEF-456789012345} = {B0A32049-C05B-42E9-9374-8557F07D708D}
		{887A0169-36FE-4686-AA93-80B463E00B86} = {E987FDFC-E702-4490-8C24-E99D71483CFE}
		{7574DD98-9C48-4C28-BDD7-F9B7F37A0DC0} = {E987FDFC-E702-4490-8C24-E99D71483CFE}
		{66098EE1-08E0-4308-8EA9-A9B1B6735038} = {E987FDFC-E702-4490-8C24-E99D71483CFE}
		{910B766E-C5C7-48F8-8387-2450A8343A05} = {A1B2C3D4-E5F6-7890-ABCD-EF1234567890}
		{D4E5F6A7-B8C9-4D2E-9F3A-1B2C3D4E5F67} = {A1B2C3D4-E5F6-7890-ABCD-EF1234567890}
		{C00517E4-8CA6-4B25-9B1C-49C16F75269E} = {A1B2C3D4-E5F6-7890-ABCD-EF1234567890}
		{79395AA6-2F97-4476-8697-62D827CF3F2D} = {A1B2C3D4-E5F6-7890-ABCD-EF1234567890}
		{2EA5A3EC-2D34-4F7C-8047-A71A640FC4A4} = {B0A32049-C05B-42E9-9374-8557F07D708D}
		{FA8200B5-835B-46FC-9917-C27499719EB1} = {B0A32049-C05B-42E9-9374-8557F07D708D}
		{C052A792-DB7E-4232-8CC9-C5E3ABBA56CF} = {E987FDFC-E702-4490-8C24-E99D71483CFE}
		{2B1BD5C7-FD8F-4CCB-8662-E7966A971F17} = {A1B2C3D4-E5F6-7890-ABCD-EF1234567890}
		{94DF9042-9653-4EDA-953A-78FDEB06DA7D} = {E987FDFC-E702-4490-8C24-E99D71483CFE}
		{17D1464E-953D-4300-9302-52ADB01C04B4} = {B0A32049-C05B-42E9-9374-8557F07D708D}
		{7C530D84-8A8F-44C1-96DD-7471B0220207} = {E987FDFC-E702-4490-8C24-E99D71483CFE}
	EndGlobalSection
	GlobalSection(ExtensibilityGlobals) = postSolution
		SolutionGuid = {31383EEE-5CB9-494C-8620-E91165836E07}
	EndGlobalSection
EndGlobal
